
Microsoft Visual Studio Solution File, Format Version 12.00
# Visual Studio Version 17
VisualStudioVersion = 17.10.34928.147
MinimumVisualStudioVersion = 10.0.40219.1
Project("{8BC9CEB8-8B4A-11D0-8D11-00A0C91BC942}") = "20240603_TradingSystem", "20240603_TradingSystem\20240603_TradingSystem.vcxproj", "{79D75E9C-5504-42E7-8B42-B5B3A10F513C}"
EndProject
Project("{8BC9CEB8-8B4A-11D0-8D11-00A0C91BC942}") = "Sample-Test1", "Sample-Test1\Sample-Test1.vcxproj", "{B8752509-1637-4BBF-8184-5917170C0E9E}"
EndProject
Global
	GlobalSection(SolutionConfigurationPlatforms) = preSolution
		Debug|x64 = Debug|x64
		Debug|x86 = Debug|x86
		Release|x64 = Release|x64
		Release|x86 = Release|x86
	EndGlobalSection
	GlobalSection(ProjectConfigurationPlatforms) = postSolution
		{79D75E9C-5504-42E7-8B42-B5B3A10F513C}.Debug|x64.ActiveCfg = Debug|x64
		{79D75E9C-5504-42E7-8B42-B5B3A10F513C}.Debug|x64.Build.0 = Debug|x64
		{79D75E9C-5504-42E7-8B42-B5B3A10F513C}.Debug|x86.ActiveCfg = Debug|Win32
		{79D75E9C-5504-42E7-8B42-B5B3A10F513C}.Debug|x86.Build.0 = Debug|Win32
		{79D75E9C-5504-42E7-8B42-B5B3A10F513C}.Release|x64.ActiveCfg = Release|x64
		{79D75E9C-5504-42E7-8B42-B5B3A10F513C}.Release|x64.Build.0 = Release|x64
		{79D75E9C-5504-42E7-8B42-B5B3A10F513C}.Release|x86.ActiveCfg = Release|Win32
		{79D75E9C-5504-42E7-8B42-B5B3A10F513C}.Release|x86.Build.0 = Release|Win32
		{B8752509-1637-4BBF-8184-5917170C0E9E}.Debug|x64.ActiveCfg = Debug|x64
		{B8752509-1637-4BBF-8184-5917170C0E9E}.Debug|x64.Build.0 = Debug|x64
		{B8752509-1637-4BBF-8184-5917170C0E9E}.Debug|x86.ActiveCfg = Debug|Win32
		{B8752509-1637-4BBF-8184-5917170C0E9E}.Debug|x86.Build.0 = Debug|Win32
		{B8752509-1637-4BBF-8184-5917170C0E9E}.Release|x64.ActiveCfg = Release|x64
		{B8752509-1637-4BBF-8184-5917170C0E9E}.Release|x64.Build.0 = Release|x64
		{B8752509-1637-4BBF-8184-5917170C0E9E}.Release|x86.ActiveCfg = Release|Win32
		{B8752509-1637-4BBF-8184-5917170C0E9E}.Release|x86.Build.0 = Release|Win32
	EndGlobalSection
	GlobalSection(SolutionProperties) = preSolution
		HideSolutionNode = FALSE
	EndGlobalSection
	GlobalSection(ExtensibilityGlobals) = postSolution
		SolutionGuid = {DD65105E-DFE8-4895-8D56-B181BE3A7178}
	EndGlobalSection
EndGlobal
